// !$*UTF8*$!
{
	archiveVersion = 1;
	classes = {
	};
	objectVersion = 48;
	objects = {

/* Begin PBXBuildFile section */
		38766F7C2029373900D0C932 /* AppDelegate.swift in Sources */ = {isa = PBXBuildFile; fileRef = 38766F7B2029373900D0C932 /* AppDelegate.swift */; };
		38766F832029373900D0C932 /* Assets.xcassets in Resources */ = {isa = PBXBuildFile; fileRef = 38766F822029373900D0C932 /* Assets.xcassets */; };
		38766FAA2029377C00D0C932 /* Default-568h@2x.png in Resources */ = {isa = PBXBuildFile; fileRef = 38766FA92029377C00D0C932 /* Default-568h@2x.png */; };
		38766FAC202ABCAC00D0C932 /* ViewHolder.swift in Sources */ = {isa = PBXBuildFile; fileRef = 38766FAB202ABCAC00D0C932 /* ViewHolder.swift */; };
		38766FB0202ABD5900D0C932 /* TimeControl.swift in Sources */ = {isa = PBXBuildFile; fileRef = 38766FAF202ABD5900D0C932 /* TimeControl.swift */; };
		38766FB2202AC6EC00D0C932 /* DurationControl.swift in Sources */ = {isa = PBXBuildFile; fileRef = 38766FB1202AC6EB00D0C932 /* DurationControl.swift */; };
		38766FB4202AC6F700D0C932 /* DayControl.swift in Sources */ = {isa = PBXBuildFile; fileRef = 38766FB3202AC6F700D0C932 /* DayControl.swift */; };
		38766FB6202AC70400D0C932 /* ZoneControl.swift in Sources */ = {isa = PBXBuildFile; fileRef = 38766FB5202AC70400D0C932 /* ZoneControl.swift */; };
		38766FB8202B930D00D0C932 /* ClockView.swift in Sources */ = {isa = PBXBuildFile; fileRef = 38766FB7202B930D00D0C932 /* ClockView.swift */; };
/* End PBXBuildFile section */

/* Begin PBXContainerItemProxy section */
		38766F8D2029373900D0C932 /* PBXContainerItemProxy */ = {
			isa = PBXContainerItemProxy;
			containerPortal = 38766F702029373900D0C932 /* Project object */;
			proxyType = 1;
			remoteGlobalIDString = 38766F772029373900D0C932;
			remoteInfo = Alarm;
		};
		38766F982029373900D0C932 /* PBXContainerItemProxy */ = {
			isa = PBXContainerItemProxy;
			containerPortal = 38766F702029373900D0C932 /* Project object */;
			proxyType = 1;
			remoteGlobalIDString = 38766F772029373900D0C932;
			remoteInfo = Alarm;
		};
/* End PBXContainerItemProxy section */

/* Begin PBXFileReference section */
		38766F782029373900D0C932 /* Alarm.app */ = {isa = PBXFileReference; explicitFileType = wrapper.application; includeInIndex = 0; path = Alarm.app; sourceTree = BUILT_PRODUCTS_DIR; };
		38766F7B2029373900D0C932 /* AppDelegate.swift */ = {isa = PBXFileReference; lastKnownFileType = sourcecode.swift; path = AppDelegate.swift; sourceTree = "<group>"; };
		38766F822029373900D0C932 /* Assets.xcassets */ = {isa = PBXFileReference; lastKnownFileType = folder.assetcatalog; path = Assets.xcassets; sourceTree = "<group>"; };
		38766F872029373900D0C932 /* Info.plist */ = {isa = PBXFileReference; lastKnownFileType = text.plist.xml; path = Info.plist; sourceTree = "<group>"; };
		38766F8C2029373900D0C932 /* AlarmTests.xctest */ = {isa = PBXFileReference; explicitFileType = wrapper.cfbundle; includeInIndex = 0; path = AlarmTests.xctest; sourceTree = BUILT_PRODUCTS_DIR; };
		38766F972029373900D0C932 /* AlarmUITests.xctest */ = {isa = PBXFileReference; explicitFileType = wrapper.cfbundle; includeInIndex = 0; path = AlarmUITests.xctest; sourceTree = BUILT_PRODUCTS_DIR; };
		38766FA92029377C00D0C932 /* Default-568h@2x.png */ = {isa = PBXFileReference; lastKnownFileType = image.png; path = "Default-568h@2x.png"; sourceTree = "<group>"; };
		38766FAB202ABCAC00D0C932 /* ViewHolder.swift */ = {isa = PBXFileReference; lastKnownFileType = sourcecode.swift; path = ViewHolder.swift; sourceTree = "<group>"; };
		38766FAF202ABD5900D0C932 /* TimeControl.swift */ = {isa = PBXFileReference; lastKnownFileType = sourcecode.swift; path = TimeControl.swift; sourceTree = "<group>"; };
		38766FB1202AC6EB00D0C932 /* DurationControl.swift */ = {isa = PBXFileReference; lastKnownFileType = sourcecode.swift; path = DurationControl.swift; sourceTree = "<group>"; };
		38766FB3202AC6F700D0C932 /* DayControl.swift */ = {isa = PBXFileReference; lastKnownFileType = sourcecode.swift; path = DayControl.swift; sourceTree = "<group>"; };
		38766FB5202AC70400D0C932 /* ZoneControl.swift */ = {isa = PBXFileReference; lastKnownFileType = sourcecode.swift; path = ZoneControl.swift; sourceTree = "<group>"; };
		38766FB7202B930D00D0C932 /* ClockView.swift */ = {isa = PBXFileReference; lastKnownFileType = sourcecode.swift; path = ClockView.swift; sourceTree = "<group>"; };
/* End PBXFileReference section */

/* Begin PBXFrameworksBuildPhase section */
		38766F752029373900D0C932 /* Frameworks */ = {
			isa = PBXFrameworksBuildPhase;
			buildActionMask = 2147483647;
			files = (
			);
			runOnlyForDeploymentPostprocessing = 0;
		};
		38766F892029373900D0C932 /* Frameworks */ = {
			isa = PBXFrameworksBuildPhase;
			buildActionMask = 2147483647;
			files = (
			);
			runOnlyForDeploymentPostprocessing = 0;
		};
		38766F942029373900D0C932 /* Frameworks */ = {
			isa = PBXFrameworksBuildPhase;
			buildActionMask = 2147483647;
			files = (
			);
			runOnlyForDeploymentPostprocessing = 0;
		};
/* End PBXFrameworksBuildPhase section */

/* Begin PBXGroup section */
		38766F6F2029373900D0C932 = {
			isa = PBXGroup;
			children = (
				38766FA92029377C00D0C932 /* Default-568h@2x.png */,
				38766F7A2029373900D0C932 /* Alarm */,
				38766F792029373900D0C932 /* Products */,
			);
			sourceTree = "<group>";
		};
		38766F792029373900D0C932 /* Products */ = {
			isa = PBXGroup;
			children = (
				38766F782029373900D0C932 /* Alarm.app */,
				38766F8C2029373900D0C932 /* AlarmTests.xctest */,
				38766F972029373900D0C932 /* AlarmUITests.xctest */,
			);
			name = Products;
			sourceTree = "<group>";
		};
		38766F7A2029373900D0C932 /* Alarm */ = {
			isa = PBXGroup;
			children = (
				38766F7B2029373900D0C932 /* AppDelegate.swift */,
				38766F822029373900D0C932 /* Assets.xcassets */,
				38766F872029373900D0C932 /* Info.plist */,
				38766FAB202ABCAC00D0C932 /* ViewHolder.swift */,
				38766FAF202ABD5900D0C932 /* TimeControl.swift */,
				38766FB1202AC6EB00D0C932 /* DurationControl.swift */,
				38766FB3202AC6F700D0C932 /* DayControl.swift */,
				38766FB5202AC70400D0C932 /* ZoneControl.swift */,
				38766FB7202B930D00D0C932 /* ClockView.swift */,
			);
			path = Alarm;
			sourceTree = "<group>";
		};
/* End PBXGroup section */

/* Begin PBXNativeTarget section */
		38766F772029373900D0C932 /* Alarm */ = {
			isa = PBXNativeTarget;
			buildConfigurationList = 38766FA02029373900D0C932 /* Build configuration list for PBXNativeTarget "Alarm" */;
			buildPhases = (
				38766F742029373900D0C932 /* Sources */,
				38766F752029373900D0C932 /* Frameworks */,
				38766F762029373900D0C932 /* Resources */,
			);
			buildRules = (
			);
			dependencies = (
			);
			name = Alarm;
			productName = Alarm;
			productReference = 38766F782029373900D0C932 /* Alarm.app */;
			productType = "com.apple.product-type.application";
		};
		38766F8B2029373900D0C932 /* AlarmTests */ = {
			isa = PBXNativeTarget;
			buildConfigurationList = 38766FA32029373900D0C932 /* Build configuration list for PBXNativeTarget "AlarmTests" */;
			buildPhases = (
				38766F882029373900D0C932 /* Sources */,
				38766F892029373900D0C932 /* Frameworks */,
				38766F8A2029373900D0C932 /* Resources */,
			);
			buildRules = (
			);
			dependencies = (
				38766F8E2029373900D0C932 /* PBXTargetDependency */,
			);
			name = AlarmTests;
			productName = AlarmTests;
			productReference = 38766F8C2029373900D0C932 /* AlarmTests.xctest */;
			productType = "com.apple.product-type.bundle.unit-test";
		};
		38766F962029373900D0C932 /* AlarmUITests */ = {
			isa = PBXNativeTarget;
			buildConfigurationList = 38766FA62029373900D0C932 /* Build configuration list for PBXNativeTarget "AlarmUITests" */;
			buildPhases = (
				38766F932029373900D0C932 /* Sources */,
				38766F942029373900D0C932 /* Frameworks */,
				38766F952029373900D0C932 /* Resources */,
			);
			buildRules = (
			);
			dependencies = (
				38766F992029373900D0C932 /* PBXTargetDependency */,
			);
			name = AlarmUITests;
			productName = AlarmUITests;
			productReference = 38766F972029373900D0C932 /* AlarmUITests.xctest */;
			productType = "com.apple.product-type.bundle.ui-testing";
		};
/* End PBXNativeTarget section */

/* Begin PBXProject section */
		38766F702029373900D0C932 /* Project object */ = {
			isa = PBXProject;
			attributes = {
				LastSwiftUpdateCheck = 0920;
				LastUpgradeCheck = 0920;
				ORGANIZATIONNAME = "Caelan Dailey";
				TargetAttributes = {
					38766F772029373900D0C932 = {
						CreatedOnToolsVersion = 9.2;
						ProvisioningStyle = Automatic;
					};
					38766F8B2029373900D0C932 = {
						CreatedOnToolsVersion = 9.2;
						ProvisioningStyle = Automatic;
						TestTargetID = 38766F772029373900D0C932;
					};
					38766F962029373900D0C932 = {
						CreatedOnToolsVersion = 9.2;
						ProvisioningStyle = Automatic;
						TestTargetID = 38766F772029373900D0C932;
					};
				};
			};
			buildConfigurationList = 38766F732029373900D0C932 /* Build configuration list for PBXProject "Alarm" */;
			compatibilityVersion = "Xcode 8.0";
			developmentRegion = en;
			hasScannedForEncodings = 0;
			knownRegions = (
				en,
				Base,
			);
			mainGroup = 38766F6F2029373900D0C932;
			productRefGroup = 38766F792029373900D0C932 /* Products */;
			projectDirPath = "";
			projectRoot = "";
			targets = (
				38766F772029373900D0C932 /* Alarm */,
				38766F8B2029373900D0C932 /* AlarmTests */,
				38766F962029373900D0C932 /* AlarmUITests */,
			);
		};
/* End PBXProject section */

/* Begin PBXResourcesBuildPhase section */
		38766F762029373900D0C932 /* Resources */ = {
			isa = PBXResourcesBuildPhase;
			buildActionMask = 2147483647;
			files = (
				38766F832029373900D0C932 /* Assets.xcassets in Resources */,
				38766FAA2029377C00D0C932 /* Default-568h@2x.png in Resources */,
			);
			runOnlyForDeploymentPostprocessing = 0;
		};
		38766F8A2029373900D0C932 /* Resources */ = {
			isa = PBXResourcesBuildPhase;
			buildActionMask = 2147483647;
			files = (
			);
			runOnlyForDeploymentPostprocessing = 0;
		};
		38766F952029373900D0C932 /* Resources */ = {
			isa = PBXResourcesBuildPhase;
			buildActionMask = 2147483647;
			files = (
			);
			runOnlyForDeploymentPostprocessing = 0;
		};
/* End PBXResourcesBuildPhase section */

/* Begin PBXSourcesBuildPhase section */
		38766F742029373900D0C932 /* Sources */ = {
			isa = PBXSourcesBuildPhase;
			buildActionMask = 2147483647;
			files = (
				38766FB2202AC6EC00D0C932 /* DurationControl.swift in Sources */,
				38766FB8202B930D00D0C932 /* ClockView.swift in Sources */,
				38766FB0202ABD5900D0C932 /* TimeControl.swift in Sources */,
				38766FB6202AC70400D0C932 /* ZoneControl.swift in Sources */,
				38766F7C2029373900D0C932 /* AppDelegate.swift in Sources */,
				38766FAC202ABCAC00D0C932 /* ViewHolder.swift in Sources */,
				38766FB4202AC6F700D0C932 /* DayControl.swift in Sources */,
			);
			runOnlyForDeploymentPostprocessing = 0;
		};
		38766F882029373900D0C932 /* Sources */ = {
			isa = PBXSourcesBuildPhase;
			buildActionMask = 2147483647;
			files = (
			);
			runOnlyForDeploymentPostprocessing = 0;
		};
		38766F932029373900D0C932 /* Sources */ = {
			isa = PBXSourcesBuildPhase;
			buildActionMask = 2147483647;
			files = (
			);
			runOnlyForDeploymentPostprocessing = 0;
		};
/* End PBXSourcesBuildPhase section */

/* Begin PBXTargetDependency section */
		38766F8E2029373900D0C932 /* PBXTargetDependency */ = {
			isa = PBXTargetDependency;
			target = 38766F772029373900D0C932 /* Alarm */;
			targetProxy = 38766F8D2029373900D0C932 /* PBXContainerItemProxy */;
		};
		38766F992029373900D0C932 /* PBXTargetDependency */ = {
			isa = PBXTargetDependency;
			target = 38766F772029373900D0C932 /* Alarm */;
			targetProxy = 38766F982029373900D0C932 /* PBXContainerItemProxy */;
		};
/* End PBXTargetDependency section */

/* Begin XCBuildConfiguration section */
		38766F9E2029373900D0C932 /* Debug */ = {
			isa = XCBuildConfiguration;
			buildSettings = {
				ALWAYS_SEARCH_USER_PATHS = NO;
				CLANG_ANALYZER_NONNULL = YES;
				CLANG_ANALYZER_NUMBER_OBJECT_CONVERSION = YES_AGGRESSIVE;
				CLANG_CXX_LANGUAGE_STANDARD = "gnu++14";
				CLANG_CXX_LIBRARY = "libc++";
				CLANG_ENABLE_MODULES = YES;
				CLANG_ENABLE_OBJC_ARC = YES;
				CLANG_WARN_BLOCK_CAPTURE_AUTORELEASING = YES;
				CLANG_WARN_BOOL_CONVERSION = YES;
				CLANG_WARN_COMMA = YES;
				CLANG_WARN_CONSTANT_CONVERSION = YES;
				CLANG_WARN_DIRECT_OBJC_ISA_USAGE = YES_ERROR;
				CLANG_WARN_DOCUMENTATION_COMMENTS = YES;
				CLANG_WARN_EMPTY_BODY = YES;
				CLANG_WARN_ENUM_CONVERSION = YES;
				CLANG_WARN_INFINITE_RECURSION = YES;
				CLANG_WARN_INT_CONVERSION = YES;
				CLANG_WARN_NON_LITERAL_NULL_CONVERSION = YES;
				CLANG_WARN_OBJC_LITERAL_CONVERSION = YES;
				CLANG_WARN_OBJC_ROOT_CLASS = YES_ERROR;
				CLANG_WARN_RANGE_LOOP_ANALYSIS = YES;
				CLANG_WARN_STRICT_PROTOTYPES = YES;
				CLANG_WARN_SUSPICIOUS_MOVE = YES;
				CLANG_WARN_UNGUARDED_AVAILABILITY = YES_AGGRESSIVE;
				CLANG_WARN_UNREACHABLE_CODE = YES;
				CLANG_WARN__DUPLICATE_METHOD_MATCH = YES;
				CODE_SIGN_IDENTITY = "iPhone Developer";
				COPY_PHASE_STRIP = NO;
				DEBUG_INFORMATION_FORMAT = dwarf;
				ENABLE_STRICT_OBJC_MSGSEND = YES;
				ENABLE_TESTABILITY = YES;
				GCC_C_LANGUAGE_STANDARD = gnu11;
				GCC_DYNAMIC_NO_PIC = NO;
				GCC_NO_COMMON_BLOCKS = YES;
				GCC_OPTIMIZATION_LEVEL = 0;
				GCC_PREPROCESSOR_DEFINITIONS = (
					"DEBUG=1",
					"$(inherited)",
				);
				GCC_WARN_64_TO_32_BIT_CONVERSION = YES;
				GCC_WARN_ABOUT_RETURN_TYPE = YES_ERROR;
				GCC_WARN_UNDECLARED_SELECTOR = YES;
				GCC_WARN_UNINITIALIZED_AUTOS = YES_AGGRESSIVE;
				GCC_WARN_UNUSED_FUNCTION = YES;
				GCC_WARN_UNUSED_VARIABLE = YES;
				IPHONEOS_DEPLOYMENT_TARGET = 11.2;
				MTL_ENABLE_DEBUG_INFO = YES;
				ONLY_ACTIVE_ARCH = YES;
				SDKROOT = iphoneos;
				SWIFT_ACTIVE_COMPILATION_CONDITIONS = DEBUG;
				SWIFT_OPTIMIZATION_LEVEL = "-Onone";
			};
			name = Debug;
		};
		38766F9F2029373900D0C932 /* Release */ = {
			isa = XCBuildConfiguration;
			buildSettings = {
				ALWAYS_SEARCH_USER_PATHS = NO;
				CLANG_ANALYZER_NONNULL = YES;
				CLANG_ANALYZER_NUMBER_OBJECT_CONVERSION = YES_AGGRESSIVE;
				CLANG_CXX_LANGUAGE_STANDARD = "gnu++14";
				CLANG_CXX_LIBRARY = "libc++";
				CLANG_ENABLE_MODULES = YES;
				CLANG_ENABLE_OBJC_ARC = YES;
				CLANG_WARN_BLOCK_CAPTURE_AUTORELEASING = YES;
				CLANG_WARN_BOOL_CONVERSION = YES;
				CLANG_WARN_COMMA = YES;
				CLANG_WARN_CONSTANT_CONVERSION = YES;
				CLANG_WARN_DIRECT_OBJC_ISA_USAGE = YES_ERROR;
				CLANG_WARN_DOCUMENTATION_COMMENTS = YES;
				CLANG_WARN_EMPTY_BODY = YES;
				CLANG_WARN_ENUM_CONVERSION = YES;
				CLANG_WARN_INFINITE_RECURSION = YES;
				CLANG_WARN_INT_CONVERSION = YES;
				CLANG_WARN_NON_LITERAL_NULL_CONVERSION = YES;
				CLANG_WARN_OBJC_LITERAL_CONVERSION = YES;
				CLANG_WARN_OBJC_ROOT_CLASS = YES_ERROR;
				CLANG_WARN_RANGE_LOOP_ANALYSIS = YES;
				CLANG_WARN_STRICT_PROTOTYPES = YES;
				CLANG_WARN_SUSPICIOUS_MOVE = YES;
				CLANG_WARN_UNGUARDED_AVAILABILITY = YES_AGGRESSIVE;
				CLANG_WARN_UNREACHABLE_CODE = YES;
				CLANG_WARN__DUPLICATE_METHOD_MATCH = YES;
				CODE_SIGN_IDENTITY = "iPhone Developer";
				COPY_PHASE_STRIP = NO;
				DEBUG_INFORMATION_FORMAT = "dwarf-with-dsym";
				ENABLE_NS_ASSERTIONS = NO;
				ENABLE_STRICT_OBJC_MSGSEND = YES;
				GCC_C_LANGUAGE_STANDARD = gnu11;
				GCC_NO_COMMON_BLOCKS = YES;
				GCC_WARN_64_TO_32_BIT_CONVERSION = YES;
				GCC_WARN_ABOUT_RETURN_TYPE = YES_ERROR;
				GCC_WARN_UNDECLARED_SELECTOR = YES;
				GCC_WARN_UNINITIALIZED_AUTOS = YES_AGGRESSIVE;
				GCC_WARN_UNUSED_FUNCTION = YES;
				GCC_WARN_UNUSED_VARIABLE = YES;
				IPHONEOS_DEPLOYMENT_TARGET = 11.2;
				MTL_ENABLE_DEBUG_INFO = NO;
				SDKROOT = iphoneos;
				SWIFT_OPTIMIZATION_LEVEL = "-Owholemodule";
				VALIDATE_PRODUCT = YES;
			};
			name = Release;
		};
		38766FA12029373900D0C932 /* Debug */ = {
			isa = XCBuildConfiguration;
			buildSettings = {
				ASSETCATALOG_COMPILER_APPICON_NAME = AppIcon;
				CODE_SIGN_STYLE = Automatic;
				DEVELOPMENT_TEAM = N3VBXEQWW6;
				INFOPLIST_FILE = Alarm/Info.plist;
				LD_RUNPATH_SEARCH_PATHS = "$(inherited) @executable_path/Frameworks";
				PRODUCT_BUNDLE_IDENTIFIER = csd.Alarm;
				PRODUCT_NAME = "$(TARGET_NAME)";
				SWIFT_VERSION = 4.0;
				TARGETED_DEVICE_FAMILY = "1,2";
			};
			name = Debug;
		};
		38766FA22029373900D0C932 /* Release */ = {
			isa = XCBuildConfiguration;
			buildSettings = {
				ASSETCATALOG_COMPILER_APPICON_NAME = AppIcon;
				CODE_SIGN_STYLE = Automatic;
				DEVELOPMENT_TEAM = N3VBXEQWW6;
				INFOPLIST_FILE = Alarm/Info.plist;
				LD_RUNPATH_SEARCH_PATHS = "$(inherited) @executable_path/Frameworks";
				PRODUCT_BUNDLE_IDENTIFIER = csd.Alarm;
				PRODUCT_NAME = "$(TARGET_NAME)";
				SWIFT_VERSION = 4.0;
				TARGETED_DEVICE_FAMILY = "1,2";
			};
			name = Release;
		};
		38766FA42029373900D0C932 /* Debug */ = {
			isa = XCBuildConfiguration;
			buildSettings = {
				ALWAYS_EMBED_SWIFT_STANDARD_LIBRARIES = YES;
				BUNDLE_LOADER = "$(TEST_HOST)";
				CODE_SIGN_STYLE = Automatic;
				DEVELOPMENT_TEAM = N3VBXEQWW6;
				INFOPLIST_FILE = AlarmTests/Info.plist;
				LD_RUNPATH_SEARCH_PATHS = "$(inherited) @executable_path/Frameworks @loader_path/Frameworks";
				PRODUCT_BUNDLE_IDENTIFIER = csd.AlarmTests;
				PRODUCT_NAME = "$(TARGET_NAME)";
				SWIFT_VERSION = 4.0;
				TARGETED_DEVICE_FAMILY = "1,2";
				TEST_HOST = "$(BUILT_PRODUCTS_DIR)/Alarm.app/Alarm";
			};
			name = Debug;
		};
		38766FA52029373900D0C932 /* Release */ = {
			isa = XCBuildConfiguration;
			buildSettings = {
				ALWAYS_EMBED_SWIFT_STANDARD_LIBRARIES = YES;
				BUNDLE_LOADER = "$(TEST_HOST)";
				CODE_SIGN_STYLE = Automatic;
				DEVELOPMENT_TEAM = N3VBXEQWW6;
				INFOPLIST_FILE = AlarmTests/Info.plist;
				LD_RUNPATH_SEARCH_PATHS = "$(inherited) @executable_path/Frameworks @loader_path/Frameworks";
				PRODUCT_BUNDLE_IDENTIFIER = csd.AlarmTests;
				PRODUCT_NAME = "$(TARGET_NAME)";
				SWIFT_VERSION = 4.0;
				TARGETED_DEVICE_FAMILY = "1,2";
				TEST_HOST = "$(BUILT_PRODUCTS_DIR)/Alarm.app/Alarm";
			};
			name = Release;
		};
		38766FA72029373900D0C932 /* Debug */ = {
			isa = XCBuildConfiguration;
			buildSettings = {
				ALWAYS_EMBED_SWIFT_STANDARD_LIBRARIES = YES;
				CODE_SIGN_STYLE = Automatic;
				DEVELOPMENT_TEAM = N3VBXEQWW6;
				INFOPLIST_FILE = AlarmUITests/Info.plist;
				LD_RUNPATH_SEARCH_PATHS = "$(inherited) @executable_path/Frameworks @loader_path/Frameworks";
				PRODUCT_BUNDLE_IDENTIFIER = csd.AlarmUITests;
				PRODUCT_NAME = "$(TARGET_NAME)";
				SWIFT_VERSION = 4.0;
				TARGETED_DEVICE_FAMILY = "1,2";
				TEST_TARGET_NAME = Alarm;
			};
			name = Debug;
		};
		38766FA82029373900D0C932 /* Release */ = {
			isa = XCBuildConfiguration;
			buildSettings = {
				ALWAYS_EMBED_SWIFT_STANDARD_LIBRARIES = YES;
				CODE_SIGN_STYLE = Automatic;
				DEVELOPMENT_TEAM = N3VBXEQWW6;
				INFOPLIST_FILE = AlarmUITests/Info.plist;
				LD_RUNPATH_SEARCH_PATHS = "$(inherited) @executable_path/Frameworks @loader_path/Frameworks";
				PRODUCT_BUNDLE_IDENTIFIER = csd.AlarmUITests;
				PRODUCT_NAME = "$(TARGET_NAME)";
				SWIFT_VERSION = 4.0;
				TARGETED_DEVICE_FAMILY = "1,2";
				TEST_TARGET_NAME = Alarm;
			};
			name = Release;
		};
/* End XCBuildConfiguration section */

/* Begin XCConfigurationList section */
		38766F732029373900D0C932 /* Build configuration list for PBXProject "Alarm" */ = {
			isa = XCConfigurationList;
			buildConfigurations = (
				38766F9E2029373900D0C932 /* Debug */,
				38766F9F2029373900D0C932 /* Release */,
			);
			defaultConfigurationIsVisible = 0;
			defaultConfigurationName = Release;
		};
		38766FA02029373900D0C932 /* Build configuration list for PBXNativeTarget "Alarm" */ = {
			isa = XCConfigurationList;
			buildConfigurations = (
				38766FA12029373900D0C932 /* Debug */,
				38766FA22029373900D0C932 /* Release */,
			);
			defaultConfigurationIsVisible = 0;
			defaultConfigurationName = Release;
		};
		38766FA32029373900D0C932 /* Build configuration list for PBXNativeTarget "AlarmTests" */ = {
			isa = XCConfigurationList;
			buildConfigurations = (
				38766FA42029373900D0C932 /* Debug */,
				38766FA52029373900D0C932 /* Release */,
			);
			defaultConfigurationIsVisible = 0;
			defaultConfigurationName = Release;
		};
		38766FA62029373900D0C932 /* Build configuration list for PBXNativeTarget "AlarmUITests" */ = {
			isa = XCConfigurationList;
			buildConfigurations = (
				38766FA72029373900D0C932 /* Debug */,
				38766FA82029373900D0C932 /* Release */,
			);
			defaultConfigurationIsVisible = 0;
			defaultConfigurationName = Release;
		};
/* End XCConfigurationList section */
	};
	rootObject = 38766F702029373900D0C932 /* Project object */;
}
